
Microsoft Visual Studio Solution File, Format Version 12.00
# Visual Studio Version 16
VisualStudioVersion = 16.0.31702.278
MinimumVisualStudioVersion = 10.0.40219.1
Project("{FAE04EC0-301F-11D3-BF4B-00C04F79EFBC}") = "Csigaverseny", "Csigaverseny\Csigaverseny.csproj", "{4413FD17-9AC1-4C6D-9EFB-84015E9C092E}"
EndProject
Global
	GlobalSection(SolutionConfigurationPlatforms) = preSolution
		Debug|Any CPU = Debug|Any CPU
		Release|Any CPU = Release|Any CPU
	EndGlobalSection
	GlobalSection(ProjectConfigurationPlatforms) = postSolution
		{4413FD17-9AC1-4C6D-9EFB-84015E9C092E}.Debug|Any CPU.ActiveCfg = Debug|Any CPU
		{4413FD17-9AC1-4C6D-9EFB-84015E9C092E}.Debug|Any CPU.Build.0 = Debug|Any CPU
		{4413FD17-9AC1-4C6D-9EFB-84015E9C092E}.Release|Any CPU.ActiveCfg = Release|Any CPU
		{4413FD17-9AC1-4C6D-9EFB-84015E9C092E}.Release|Any CPU.Build.0 = Release|Any CPU
	EndGlobalSection
	GlobalSection(SolutionProperties) = preSolution
		HideSolutionNode = FALSE
	EndGlobalSection
	GlobalSection(ExtensibilityGlobals) = postSolution
		SolutionGuid = {45F6B1B3-1AB8-4361-B4EF-E4E7B422A820}
	EndGlobalSection
EndGlobal
